// !$*UTF8*$!
{
	archiveVersion = 1;
	classes = {
	};
	objectVersion = 50;
	objects = {

/* Begin PBXBuildFile section */
		DDC11715220A49FB003B1B01 /* AppDelegate.swift in Sources */ = {isa = PBXBuildFile; fileRef = DDC11714220A49FB003B1B01 /* AppDelegate.swift */; };
		DDC11717220A49FB003B1B01 /* ViewController.swift in Sources */ = {isa = PBXBuildFile; fileRef = DDC11716220A49FB003B1B01 /* ViewController.swift */; };
		DDC1171A220A49FB003B1B01 /* Main.storyboard in Resources */ = {isa = PBXBuildFile; fileRef = DDC11718220A49FB003B1B01 /* Main.storyboard */; };
		DDC1171D220A49FB003B1B01 /* appFilm.xcdatamodeld in Sources */ = {isa = PBXBuildFile; fileRef = DDC1171B220A49FB003B1B01 /* appFilm.xcdatamodeld */; };
		DDC1171F220A49FC003B1B01 /* Assets.xcassets in Resources */ = {isa = PBXBuildFile; fileRef = DDC1171E220A49FC003B1B01 /* Assets.xcassets */; };
		DDC11722220A49FC003B1B01 /* LaunchScreen.storyboard in Resources */ = {isa = PBXBuildFile; fileRef = DDC11720220A49FC003B1B01 /* LaunchScreen.storyboard */; };
		DDC1172A220A4AF4003B1B01 /* FilmBrowser.swift in Sources */ = {isa = PBXBuildFile; fileRef = DDC11729220A4AF4003B1B01 /* FilmBrowser.swift */; };
/* End PBXBuildFile section */

/* Begin PBXFileReference section */
		DDC11711220A49FB003B1B01 /* appFilm.app */ = {isa = PBXFileReference; explicitFileType = wrapper.application; includeInIndex = 0; path = appFilm.app; sourceTree = BUILT_PRODUCTS_DIR; };
		DDC11714220A49FB003B1B01 /* AppDelegate.swift */ = {isa = PBXFileReference; lastKnownFileType = sourcecode.swift; path = AppDelegate.swift; sourceTree = "<group>"; };
		DDC11716220A49FB003B1B01 /* ViewController.swift */ = {isa = PBXFileReference; lastKnownFileType = sourcecode.swift; path = ViewController.swift; sourceTree = "<group>"; };
		DDC11719220A49FB003B1B01 /* Base */ = {isa = PBXFileReference; lastKnownFileType = file.storyboard; name = Base; path = Base.lproj/Main.storyboard; sourceTree = "<group>"; };
		DDC1171C220A49FB003B1B01 /* appFilm.xcdatamodel */ = {isa = PBXFileReference; lastKnownFileType = wrapper.xcdatamodel; path = appFilm.xcdatamodel; sourceTree = "<group>"; };
		DDC1171E220A49FC003B1B01 /* Assets.xcassets */ = {isa = PBXFileReference; lastKnownFileType = folder.assetcatalog; path = Assets.xcassets; sourceTree = "<group>"; };
		DDC11721220A49FC003B1B01 /* Base */ = {isa = PBXFileReference; lastKnownFileType = file.storyboard; name = Base; path = Base.lproj/LaunchScreen.storyboard; sourceTree = "<group>"; };
		DDC11723220A49FC003B1B01 /* Info.plist */ = {isa = PBXFileReference; lastKnownFileType = text.plist.xml; path = Info.plist; sourceTree = "<group>"; };
		DDC11729220A4AF4003B1B01 /* FilmBrowser.swift */ = {isa = PBXFileReference; lastKnownFileType = sourcecode.swift; path = FilmBrowser.swift; sourceTree = "<group>"; };
/* End PBXFileReference section */

/* Begin PBXFrameworksBuildPhase section */
		DDC1170E220A49FB003B1B01 /* Frameworks */ = {
			isa = PBXFrameworksBuildPhase;
			buildActionMask = 2147483647;
			files = (
			);
			runOnlyForDeploymentPostprocessing = 0;
		};
/* End PBXFrameworksBuildPhase section */

/* Begin PBXGroup section */
		DDC11708220A49FB003B1B01 = {
			isa = PBXGroup;
			children = (
				DDC11713220A49FB003B1B01 /* appFilm */,
				DDC11712220A49FB003B1B01 /* Products */,
			);
			sourceTree = "<group>";
		};
		DDC11712220A49FB003B1B01 /* Products */ = {
			isa = PBXGroup;
			children = (
				DDC11711220A49FB003B1B01 /* appFilm.app */,
			);
			name = Products;
			sourceTree = "<group>";
		};
		DDC11713220A49FB003B1B01 /* appFilm */ = {
			isa = PBXGroup;
			children = (
				DDC11714220A49FB003B1B01 /* AppDelegate.swift */,
				DDC11716220A49FB003B1B01 /* ViewController.swift */,
				DDC11729220A4AF4003B1B01 /* FilmBrowser.swift */,
				DDC11718220A49FB003B1B01 /* Main.storyboard */,
				DDC1171E220A49FC003B1B01 /* Assets.xcassets */,
				DDC11720220A49FC003B1B01 /* LaunchScreen.storyboard */,
				DDC11723220A49FC003B1B01 /* Info.plist */,
				DDC1171B220A49FB003B1B01 /* appFilm.xcdatamodeld */,
			);
			path = appFilm;
			sourceTree = "<group>";
		};
/* End PBXGroup section */

/* Begin PBXNativeTarget section */
		DDC11710220A49FB003B1B01 /* appFilm */ = {
			isa = PBXNativeTarget;
			buildConfigurationList = DDC11726220A49FC003B1B01 /* Build configuration list for PBXNativeTarget "appFilm" */;
			buildPhases = (
				DDC1170D220A49FB003B1B01 /* Sources */,
				DDC1170E220A49FB003B1B01 /* Frameworks */,
				DDC1170F220A49FB003B1B01 /* Resources */,
			);
			buildRules = (
			);
			dependencies = (
			);
			name = appFilm;
			productName = appFilm;
			productReference = DDC11711220A49FB003B1B01 /* appFilm.app */;
			productType = "com.apple.product-type.application";
		};
/* End PBXNativeTarget section */

/* Begin PBXProject section */
		DDC11709220A49FB003B1B01 /* Project object */ = {
			isa = PBXProject;
			attributes = {
				LastSwiftUpdateCheck = 1010;
				LastUpgradeCheck = 1010;
				ORGANIZATIONNAME = "Carlos R. Asensio";
				TargetAttributes = {
					DDC11710220A49FB003B1B01 = {
						CreatedOnToolsVersion = 10.1;
					};
				};
			};
			buildConfigurationList = DDC1170C220A49FB003B1B01 /* Build configuration list for PBXProject "appFilm" */;
			compatibilityVersion = "Xcode 9.3";
			developmentRegion = en;
			hasScannedForEncodings = 0;
			knownRegions = (
				en,
				Base,
			);
			mainGroup = DDC11708220A49FB003B1B01;
			productRefGroup = DDC11712220A49FB003B1B01 /* Products */;
			projectDirPath = "";
			projectRoot = "";
			targets = (
				DDC11710220A49FB003B1B01 /* appFilm */,
			);
		};
/* End PBXProject section */

/* Begin PBXResourcesBuildPhase section */
		DDC1170F220A49FB003B1B01 /* Resources */ = {
			isa = PBXResourcesBuildPhase;
			buildActionMask = 2147483647;
			files = (
				DDC11722220A49FC003B1B01 /* LaunchScreen.storyboard in Resources */,
				DDC1171F220A49FC003B1B01 /* Assets.xcassets in Resources */,
				DDC1171A220A49FB003B1B01 /* Main.storyboard in Resources */,
			);
			runOnlyForDeploymentPostprocessing = 0;
		};
/* End PBXResourcesBuildPhase section */

/* Begin PBXSourcesBuildPhase section */
		DDC1170D220A49FB003B1B01 /* Sources */ = {
			isa = PBXSourcesBuildPhase;
			buildActionMask = 2147483647;
			files = (
				DDC1172A220A4AF4003B1B01 /* FilmBrowser.swift in Sources */,
				DDC1171D220A49FB003B1B01 /* appFilm.xcdatamodeld in Sources */,
				DDC11717220A49FB003B1B01 /* ViewController.swift in Sources */,
				DDC11715220A49FB003B1B01 /* AppDelegate.swift in Sources */,
			);
			runOnlyForDeploymentPostprocessing = 0;
		};
/* End PBXSourcesBuildPhase section */

/* Begin PBXVariantGroup section */
		DDC11718220A49FB003B1B01 /* Main.storyboard */ = {
			isa = PBXVariantGroup;
			children = (
				DDC11719220A49FB003B1B01 /* Base */,
			);
			name = Main.storyboard;
			sourceTree = "<group>";
		};
		DDC11720220A49FC003B1B01 /* LaunchScreen.storyboard */ = {
			isa = PBXVariantGroup;
			children = (
				DDC11721220A49FC003B1B01 /* Base */,
			);
			name = LaunchScreen.storyboard;
			sourceTree = "<group>";
		};
/* End PBXVariantGroup section */

/* Begin XCBuildConfiguration section */
		DDC11724220A49FC003B1B01 /* Debug */ = {
			isa = XCBuildConfiguration;
			buildSettings = {
				ALWAYS_SEARCH_USER_PATHS = NO;
				CLANG_ANALYZER_NONNULL = YES;
				CLANG_ANALYZER_NUMBER_OBJECT_CONVERSION = YES_AGGRESSIVE;
				CLANG_CXX_LANGUAGE_STANDARD = "gnu++14";
				CLANG_CXX_LIBRARY = "libc++";
				CLANG_ENABLE_MODULES = YES;
				CLANG_ENABLE_OBJC_ARC = YES;
				CLANG_ENABLE_OBJC_WEAK = YES;
				CLANG_WARN_BLOCK_CAPTURE_AUTORELEASING = YES;
				CLANG_WARN_BOOL_CONVERSION = YES;
				CLANG_WARN_COMMA = YES;
				CLANG_WARN_CONSTANT_CONVERSION = YES;
				CLANG_WARN_DEPRECATED_OBJC_IMPLEMENTATIONS = YES;
				CLANG_WARN_DIRECT_OBJC_ISA_USAGE = YES_ERROR;
				CLANG_WARN_DOCUMENTATION_COMMENTS = YES;
				CLANG_WARN_EMPTY_BODY = YES;
				CLANG_WARN_ENUM_CONVERSION = YES;
				CLANG_WARN_INFINITE_RECURSION = YES;
				CLANG_WARN_INT_CONVERSION = YES;
				CLANG_WARN_NON_LITERAL_NULL_CONVERSION = YES;
				CLANG_WARN_OBJC_IMPLICIT_RETAIN_SELF = YES;
				CLANG_WARN_OBJC_LITERAL_CONVERSION = YES;
				CLANG_WARN_OBJC_ROOT_CLASS = YES_ERROR;
				CLANG_WARN_RANGE_LOOP_ANALYSIS = YES;
				CLANG_WARN_STRICT_PROTOTYPES = YES;
				CLANG_WARN_SUSPICIOUS_MOVE = YES;
				CLANG_WARN_UNGUARDED_AVAILABILITY = YES_AGGRESSIVE;
				CLANG_WARN_UNREACHABLE_CODE = YES;
				CLANG_WARN__DUPLICATE_METHOD_MATCH = YES;
				CODE_SIGN_IDENTITY = "iPhone Developer";
				COPY_PHASE_STRIP = NO;
				DEBUG_INFORMATION_FORMAT = dwarf;
				ENABLE_STRICT_OBJC_MSGSEND = YES;
				ENABLE_TESTABILITY = YES;
				GCC_C_LANGUAGE_STANDARD = gnu11;
				GCC_DYNAMIC_NO_PIC = NO;
				GCC_NO_COMMON_BLOCKS = YES;
				GCC_OPTIMIZATION_LEVEL = 0;
				GCC_PREPROCESSOR_DEFINITIONS = (
					"DEBUG=1",
					"$(inherited)",
				);
				GCC_WARN_64_TO_32_BIT_CONVERSION = YES;
				GCC_WARN_ABOUT_RETURN_TYPE = YES_ERROR;
				GCC_WARN_UNDECLARED_SELECTOR = YES;
				GCC_WARN_UNINITIALIZED_AUTOS = YES_AGGRESSIVE;
				GCC_WARN_UNUSED_FUNCTION = YES;
				GCC_WARN_UNUSED_VARIABLE = YES;
				IPHONEOS_DEPLOYMENT_TARGET = 12.1;
				MTL_ENABLE_DEBUG_INFO = INCLUDE_SOURCE;
				MTL_FAST_MATH = YES;
				ONLY_ACTIVE_ARCH = YES;
				SDKROOT = iphoneos;
				SWIFT_ACTIVE_COMPILATION_CONDITIONS = DEBUG;
				SWIFT_OPTIMIZATION_LEVEL = "-Onone";
			};
			name = Debug;
		};
		DDC11725220A49FC003B1B01 /* Release */ = {
			isa = XCBuildConfiguration;
			buildSettings = {
				ALWAYS_SEARCH_USER_PATHS = NO;
				CLANG_ANALYZER_NONNULL = YES;
				CLANG_ANALYZER_NUMBER_OBJECT_CONVERSION = YES_AGGRESSIVE;
				CLANG_CXX_LANGUAGE_STANDARD = "gnu++14";
				CLANG_CXX_LIBRARY = "libc++";
				CLANG_ENABLE_MODULES = YES;
				CLANG_ENABLE_OBJC_ARC = YES;
				CLANG_ENABLE_OBJC_WEAK = YES;
				CLANG_WARN_BLOCK_CAPTURE_AUTORELEASING = YES;
				CLANG_WARN_BOOL_CONVERSION = YES;
				CLANG_WARN_COMMA = YES;
				CLANG_WARN_CONSTANT_CONVERSION = YES;
				CLANG_WARN_DEPRECATED_OBJC_IMPLEMENTATIONS = YES;
				CLANG_WARN_DIRECT_OBJC_ISA_USAGE = YES_ERROR;
				CLANG_WARN_DOCUMENTATION_COMMENTS = YES;
				CLANG_WARN_EMPTY_BODY = YES;
				CLANG_WARN_ENUM_CONVERSION = YES;
				CLANG_WARN_INFINITE_RECURSION = YES;
				CLANG_WARN_INT_CONVERSION = YES;
				CLANG_WARN_NON_LITERAL_NULL_CONVERSION = YES;
				CLANG_WARN_OBJC_IMPLICIT_RETAIN_SELF = YES;
				CLANG_WARN_OBJC_LITERAL_CONVERSION = YES;
				CLANG_WARN_OBJC_ROOT_CLASS = YES_ERROR;
				CLANG_WARN_RANGE_LOOP_ANALYSIS = YES;
				CLANG_WARN_STRICT_PROTOTYPES = YES;
				CLANG_WARN_SUSPICIOUS_MOVE = YES;
				CLANG_WARN_UNGUARDED_AVAILABILITY = YES_AGGRESSIVE;
				CLANG_WARN_UNREACHABLE_CODE = YES;
				CLANG_WARN__DUPLICATE_METHOD_MATCH = YES;
				CODE_SIGN_IDENTITY = "iPhone Developer";
				COPY_PHASE_STRIP = NO;
				DEBUG_INFORMATION_FORMAT = "dwarf-with-dsym";
				ENABLE_NS_ASSERTIONS = NO;
				ENABLE_STRICT_OBJC_MSGSEND = YES;
				GCC_C_LANGUAGE_STANDARD = gnu11;
				GCC_NO_COMMON_BLOCKS = YES;
				GCC_WARN_64_TO_32_BIT_CONVERSION = YES;
				GCC_WARN_ABOUT_RETURN_TYPE = YES_ERROR;
				GCC_WARN_UNDECLARED_SELECTOR = YES;
				GCC_WARN_UNINITIALIZED_AUTOS = YES_AGGRESSIVE;
				GCC_WARN_UNUSED_FUNCTION = YES;
				GCC_WARN_UNUSED_VARIABLE = YES;
				IPHONEOS_DEPLOYMENT_TARGET = 12.1;
				MTL_ENABLE_DEBUG_INFO = NO;
				MTL_FAST_MATH = YES;
				SDKROOT = iphoneos;
				SWIFT_COMPILATION_MODE = wholemodule;
				SWIFT_OPTIMIZATION_LEVEL = "-O";
				VALIDATE_PRODUCT = YES;
			};
			name = Release;
		};
		DDC11727220A49FC003B1B01 /* Debug */ = {
			isa = XCBuildConfiguration;
			buildSettings = {
				ASSETCATALOG_COMPILER_APPICON_NAME = AppIcon;
				CODE_SIGN_STYLE = Automatic;
				DEVELOPMENT_TEAM = UTN2YWBKP2;
				INFOPLIST_FILE = appFilm/Info.plist;
				LD_RUNPATH_SEARCH_PATHS = (
					"$(inherited)",
					"@executable_path/Frameworks",
				);
				PRODUCT_BUNDLE_IDENTIFIER = "Carlos-R.-Asensio.appFilm";
				PRODUCT_NAME = "$(TARGET_NAME)";
				SWIFT_VERSION = 4.2;
				TARGETED_DEVICE_FAMILY = "1,2";
			};
			name = Debug;
		};
		DDC11728220A49FC003B1B01 /* Release */ = {
			isa = XCBuildConfiguration;
			buildSettings = {
				ASSETCATALOG_COMPILER_APPICON_NAME = AppIcon;
				CODE_SIGN_STYLE = Automatic;
				DEVELOPMENT_TEAM = UTN2YWBKP2;
				INFOPLIST_FILE = appFilm/Info.plist;
				LD_RUNPATH_SEARCH_PATHS = (
					"$(inherited)",
					"@executable_path/Frameworks",
				);
				PRODUCT_BUNDLE_IDENTIFIER = "Carlos-R.-Asensio.appFilm";
				PRODUCT_NAME = "$(TARGET_NAME)";
				SWIFT_VERSION = 4.2;
				TARGETED_DEVICE_FAMILY = "1,2";
			};
			name = Release;
		};
/* End XCBuildConfiguration section */

/* Begin XCConfigurationList section */
		DDC1170C220A49FB003B1B01 /* Build configuration list for PBXProject "appFilm" */ = {
			isa = XCConfigurationList;
			buildConfigurations = (
				DDC11724220A49FC003B1B01 /* Debug */,
				DDC11725220A49FC003B1B01 /* Release */,
			);
			defaultConfigurationIsVisible = 0;
			defaultConfigurationName = Release;
		};
		DDC11726220A49FC003B1B01 /* Build configuration list for PBXNativeTarget "appFilm" */ = {
			isa = XCConfigurationList;
			buildConfigurations = (
				DDC11727220A49FC003B1B01 /* Debug */,
				DDC11728220A49FC003B1B01 /* Release */,
			);
			defaultConfigurationIsVisible = 0;
			defaultConfigurationName = Release;
		};
/* End XCConfigurationList section */

/* Begin XCVersionGroup section */
		DDC1171B220A49FB003B1B01 /* appFilm.xcdatamodeld */ = {
			isa = XCVersionGroup;
			children = (
				DDC1171C220A49FB003B1B01 /* appFilm.xcdatamodel */,
			);
			currentVersion = DDC1171C220A49FB003B1B01 /* appFilm.xcdatamodel */;
			path = appFilm.xcdatamodeld;
			sourceTree = "<group>";
			versionGroupType = wrapper.xcdatamodel;
		};
/* End XCVersionGroup section */
	};
	rootObject = DDC11709220A49FB003B1B01 /* Project object */;
}
