// !$*UTF8*$!
{
	archiveVersion = 1;
	classes = {
	};
	objectVersion = 51;
	objects = {

/* Begin PBXBuildFile section */
		7248558A9B41980D9CB34069 /* Pods_appFilm.framework in Frameworks */ = {isa = PBXBuildFile; fileRef = 2FE167C7898536D836A51466 /* Pods_appFilm.framework */; };
		9912017E2326E09B001A6AB5 /* Authenticate.storyboard in Resources */ = {isa = PBXBuildFile; fileRef = 9912017D2326E09B001A6AB5 /* Authenticate.storyboard */; };
		991201802326E0C9001A6AB5 /* LoginViewController.swift in Sources */ = {isa = PBXBuildFile; fileRef = 9912017F2326E0C9001A6AB5 /* LoginViewController.swift */; };
		991201832326E0ED001A6AB5 /* SignUpViewController.swift in Sources */ = {isa = PBXBuildFile; fileRef = 991201822326E0ED001A6AB5 /* SignUpViewController.swift */; };
		995FFD16232D4998005B1E72 /* FilmModel.swift in Sources */ = {isa = PBXBuildFile; fileRef = 995FFD15232D4998005B1E72 /* FilmModel.swift */; };
		99E541042335035300BD0522 /* AuthenticationMenu.swift in Sources */ = {isa = PBXBuildFile; fileRef = 99E541032335035300BD0522 /* AuthenticationMenu.swift */; };
		99E5410623350EE400BD0522 /* User.swift in Sources */ = {isa = PBXBuildFile; fileRef = 99E5410523350EE300BD0522 /* User.swift */; };
		99E5410A233512A000BD0522 /* Functions.swift in Sources */ = {isa = PBXBuildFile; fileRef = 99E54109233512A000BD0522 /* Functions.swift */; };
		99E5410E233515F400BD0522 /* GoogleService-Info.plist in Resources */ = {isa = PBXBuildFile; fileRef = 99E5410D233515F300BD0522 /* GoogleService-Info.plist */; };
		DD13B83F220A807600F5F3A4 /* Menu.swift in Sources */ = {isa = PBXBuildFile; fileRef = DD13B83E220A807600F5F3A4 /* Menu.swift */; };
		DD13B843220A838100F5F3A4 /* Logo.jpg in Resources */ = {isa = PBXBuildFile; fileRef = DD13B842220A838100F5F3A4 /* Logo.jpg */; };
		DDC11715220A49FB003B1B01 /* AppDelegate.swift in Sources */ = {isa = PBXBuildFile; fileRef = DDC11714220A49FB003B1B01 /* AppDelegate.swift */; };
		DDC11717220A49FB003B1B01 /* ViewController.swift in Sources */ = {isa = PBXBuildFile; fileRef = DDC11716220A49FB003B1B01 /* ViewController.swift */; };
		DDC1171A220A49FB003B1B01 /* Main.storyboard in Resources */ = {isa = PBXBuildFile; fileRef = DDC11718220A49FB003B1B01 /* Main.storyboard */; };
		DDC1171D220A49FB003B1B01 /* appFilm.xcdatamodeld in Sources */ = {isa = PBXBuildFile; fileRef = DDC1171B220A49FB003B1B01 /* appFilm.xcdatamodeld */; };
		DDC1171F220A49FC003B1B01 /* Assets.xcassets in Resources */ = {isa = PBXBuildFile; fileRef = DDC1171E220A49FC003B1B01 /* Assets.xcassets */; };
		DDC11722220A49FC003B1B01 /* LaunchScreen.storyboard in Resources */ = {isa = PBXBuildFile; fileRef = DDC11720220A49FC003B1B01 /* LaunchScreen.storyboard */; };
		DDC1172A220A4AF4003B1B01 /* FilmBrowser.swift in Sources */ = {isa = PBXBuildFile; fileRef = DDC11729220A4AF4003B1B01 /* FilmBrowser.swift */; };
/* End PBXBuildFile section */

/* Begin PBXFileReference section */
		2FE167C7898536D836A51466 /* Pods_appFilm.framework */ = {isa = PBXFileReference; explicitFileType = wrapper.framework; includeInIndex = 0; path = Pods_appFilm.framework; sourceTree = BUILT_PRODUCTS_DIR; };
		430B648B10A94A8A6F133598 /* Pods-appFilm.debug.xcconfig */ = {isa = PBXFileReference; includeInIndex = 1; lastKnownFileType = text.xcconfig; name = "Pods-appFilm.debug.xcconfig"; path = "Target Support Files/Pods-appFilm/Pods-appFilm.debug.xcconfig"; sourceTree = "<group>"; };
		5D72BB4B2638CE62C276263D /* Pods-appFilm.release.xcconfig */ = {isa = PBXFileReference; includeInIndex = 1; lastKnownFileType = text.xcconfig; name = "Pods-appFilm.release.xcconfig"; path = "Target Support Files/Pods-appFilm/Pods-appFilm.release.xcconfig"; sourceTree = "<group>"; };
		9912017D2326E09B001A6AB5 /* Authenticate.storyboard */ = {isa = PBXFileReference; lastKnownFileType = file.storyboard; path = Authenticate.storyboard; sourceTree = "<group>"; };
		9912017F2326E0C9001A6AB5 /* LoginViewController.swift */ = {isa = PBXFileReference; lastKnownFileType = sourcecode.swift; path = LoginViewController.swift; sourceTree = "<group>"; };
		991201822326E0ED001A6AB5 /* SignUpViewController.swift */ = {isa = PBXFileReference; lastKnownFileType = sourcecode.swift; path = SignUpViewController.swift; sourceTree = "<group>"; };
		995FFD15232D4998005B1E72 /* FilmModel.swift */ = {isa = PBXFileReference; lastKnownFileType = sourcecode.swift; path = FilmModel.swift; sourceTree = "<group>"; };
		99E541032335035300BD0522 /* AuthenticationMenu.swift */ = {isa = PBXFileReference; lastKnownFileType = sourcecode.swift; path = AuthenticationMenu.swift; sourceTree = "<group>"; };
		99E5410523350EE300BD0522 /* User.swift */ = {isa = PBXFileReference; lastKnownFileType = sourcecode.swift; path = User.swift; sourceTree = "<group>"; };
		99E54109233512A000BD0522 /* Functions.swift */ = {isa = PBXFileReference; lastKnownFileType = sourcecode.swift; path = Functions.swift; sourceTree = "<group>"; };
		99E5410D233515F300BD0522 /* GoogleService-Info.plist */ = {isa = PBXFileReference; fileEncoding = 4; lastKnownFileType = text.plist.xml; path = "GoogleService-Info.plist"; sourceTree = "<group>"; };
		DD13B83E220A807600F5F3A4 /* Menu.swift */ = {isa = PBXFileReference; lastKnownFileType = sourcecode.swift; path = Menu.swift; sourceTree = "<group>"; };
		DD13B842220A838100F5F3A4 /* Logo.jpg */ = {isa = PBXFileReference; lastKnownFileType = image.jpeg; path = Logo.jpg; sourceTree = "<group>"; };
		DDC11711220A49FB003B1B01 /* appFilm.app */ = {isa = PBXFileReference; explicitFileType = wrapper.application; includeInIndex = 0; path = appFilm.app; sourceTree = BUILT_PRODUCTS_DIR; };
		DDC11714220A49FB003B1B01 /* AppDelegate.swift */ = {isa = PBXFileReference; lastKnownFileType = sourcecode.swift; path = AppDelegate.swift; sourceTree = "<group>"; };
		DDC11716220A49FB003B1B01 /* ViewController.swift */ = {isa = PBXFileReference; lastKnownFileType = sourcecode.swift; path = ViewController.swift; sourceTree = "<group>"; };
		DDC11719220A49FB003B1B01 /* Base */ = {isa = PBXFileReference; lastKnownFileType = file.storyboard; name = Base; path = Base.lproj/Main.storyboard; sourceTree = "<group>"; };
		DDC1171C220A49FB003B1B01 /* appFilm.xcdatamodel */ = {isa = PBXFileReference; lastKnownFileType = wrapper.xcdatamodel; path = appFilm.xcdatamodel; sourceTree = "<group>"; };
		DDC1171E220A49FC003B1B01 /* Assets.xcassets */ = {isa = PBXFileReference; lastKnownFileType = folder.assetcatalog; path = Assets.xcassets; sourceTree = "<group>"; };
		DDC11721220A49FC003B1B01 /* Base */ = {isa = PBXFileReference; lastKnownFileType = file.storyboard; name = Base; path = Base.lproj/LaunchScreen.storyboard; sourceTree = "<group>"; };
		DDC11723220A49FC003B1B01 /* Info.plist */ = {isa = PBXFileReference; lastKnownFileType = text.plist.xml; path = Info.plist; sourceTree = "<group>"; };
		DDC11729220A4AF4003B1B01 /* FilmBrowser.swift */ = {isa = PBXFileReference; lastKnownFileType = sourcecode.swift; path = FilmBrowser.swift; sourceTree = "<group>"; };
/* End PBXFileReference section */

/* Begin PBXFrameworksBuildPhase section */
		DDC1170E220A49FB003B1B01 /* Frameworks */ = {
			isa = PBXFrameworksBuildPhase;
			buildActionMask = 2147483647;
			files = (
				7248558A9B41980D9CB34069 /* Pods_appFilm.framework in Frameworks */,
			);
			runOnlyForDeploymentPostprocessing = 0;
		};
/* End PBXFrameworksBuildPhase section */

/* Begin PBXGroup section */
		1371889C4792C4B8604A2466 /* Frameworks */ = {
			isa = PBXGroup;
			children = (
				2FE167C7898536D836A51466 /* Pods_appFilm.framework */,
			);
			name = Frameworks;
			sourceTree = "<group>";
		};
		587E038981D60ED760C5840C /* Pods */ = {
			isa = PBXGroup;
			children = (
				430B648B10A94A8A6F133598 /* Pods-appFilm.debug.xcconfig */,
				5D72BB4B2638CE62C276263D /* Pods-appFilm.release.xcconfig */,
			);
			path = Pods;
			sourceTree = "<group>";
		};
		991201812326E0CD001A6AB5 /* Authenticate */ = {
			isa = PBXGroup;
			children = (
				9912017F2326E0C9001A6AB5 /* LoginViewController.swift */,
				991201822326E0ED001A6AB5 /* SignUpViewController.swift */,
			);
			path = Authenticate;
			sourceTree = "<group>";
		};
		991201842326E0F5001A6AB5 /* Controller */ = {
			isa = PBXGroup;
			children = (
				99E541072335127000BD0522 /* Functions */,
				995FFD11232D2857005B1E72 /* Film List */,
				995FFD10232D282E005B1E72 /* Browser */,
				995FFD0F232D2821005B1E72 /* Menu */,
				991201812326E0CD001A6AB5 /* Authenticate */,
			);
			path = Controller;
			sourceTree = "<group>";
		};
		991201852326E0FC001A6AB5 /* View */ = {
			isa = PBXGroup;
			children = (
				DDC11720220A49FC003B1B01 /* LaunchScreen.storyboard */,
				DDC11718220A49FB003B1B01 /* Main.storyboard */,
				9912017D2326E09B001A6AB5 /* Authenticate.storyboard */,
			);
			path = View;
			sourceTree = "<group>";
		};
		991201862326E14B001A6AB5 /* Resources */ = {
			isa = PBXGroup;
			children = (
				DDC1171E220A49FC003B1B01 /* Assets.xcassets */,
				DDC1171B220A49FB003B1B01 /* appFilm.xcdatamodeld */,
				DD13B842220A838100F5F3A4 /* Logo.jpg */,
			);
			path = Resources;
			sourceTree = "<group>";
		};
		995FFD0F232D2821005B1E72 /* Menu */ = {
			isa = PBXGroup;
			children = (
				DD13B83E220A807600F5F3A4 /* Menu.swift */,
				99E541032335035300BD0522 /* AuthenticationMenu.swift */,
			);
			path = Menu;
			sourceTree = "<group>";
		};
		995FFD10232D282E005B1E72 /* Browser */ = {
			isa = PBXGroup;
			children = (
				DDC11729220A4AF4003B1B01 /* FilmBrowser.swift */,
			);
			path = Browser;
			sourceTree = "<group>";
		};
		995FFD11232D2857005B1E72 /* Film List */ = {
			isa = PBXGroup;
			children = (
				DDC11716220A49FB003B1B01 /* ViewController.swift */,
			);
			path = "Film List";
			sourceTree = "<group>";
		};
		995FFD12232D28AA005B1E72 /* Model */ = {
			isa = PBXGroup;
			children = (
				995FFD15232D4998005B1E72 /* FilmModel.swift */,
				99E5410523350EE300BD0522 /* User.swift */,
			);
			path = Model;
			sourceTree = "<group>";
		};
		99E541072335127000BD0522 /* Functions */ = {
			isa = PBXGroup;
			children = (
				99E54109233512A000BD0522 /* Functions.swift */,
			);
			path = Functions;
			sourceTree = "<group>";
		};
		DDC11708220A49FB003B1B01 = {
			isa = PBXGroup;
			children = (
				DDC11713220A49FB003B1B01 /* appFilm */,
				DDC11712220A49FB003B1B01 /* Products */,
				587E038981D60ED760C5840C /* Pods */,
				1371889C4792C4B8604A2466 /* Frameworks */,
			);
			sourceTree = "<group>";
		};
		DDC11712220A49FB003B1B01 /* Products */ = {
			isa = PBXGroup;
			children = (
				DDC11711220A49FB003B1B01 /* appFilm.app */,
			);
			name = Products;
			sourceTree = "<group>";
		};
		DDC11713220A49FB003B1B01 /* appFilm */ = {
			isa = PBXGroup;
			children = (
				DDC11714220A49FB003B1B01 /* AppDelegate.swift */,
				DDC11723220A49FC003B1B01 /* Info.plist */,
				99E5410D233515F300BD0522 /* GoogleService-Info.plist */,
				991201862326E14B001A6AB5 /* Resources */,
				995FFD12232D28AA005B1E72 /* Model */,
				991201852326E0FC001A6AB5 /* View */,
				991201842326E0F5001A6AB5 /* Controller */,
			);
			path = appFilm;
			sourceTree = "<group>";
		};
/* End PBXGroup section */

/* Begin PBXNativeTarget section */
		DDC11710220A49FB003B1B01 /* appFilm */ = {
			isa = PBXNativeTarget;
			buildConfigurationList = DDC11726220A49FC003B1B01 /* Build configuration list for PBXNativeTarget "appFilm" */;
			buildPhases = (
				238F29E46A7C1AEB0587871C /* [CP] Check Pods Manifest.lock */,
				DDC1170D220A49FB003B1B01 /* Sources */,
				DDC1170E220A49FB003B1B01 /* Frameworks */,
				DDC1170F220A49FB003B1B01 /* Resources */,
				870F1302EBA19161490744B5 /* [CP] Embed Pods Frameworks */,
				C328440978E007D24F475E2D /* [CP] Copy Pods Resources */,
			);
			buildRules = (
			);
			dependencies = (
			);
			name = appFilm;
			productName = appFilm;
			productReference = DDC11711220A49FB003B1B01 /* appFilm.app */;
			productType = "com.apple.product-type.application";
		};
/* End PBXNativeTarget section */

/* Begin PBXProject section */
		DDC11709220A49FB003B1B01 /* Project object */ = {
			isa = PBXProject;
			attributes = {
				LastSwiftUpdateCheck = 1010;
				LastUpgradeCheck = 1010;
				ORGANIZATIONNAME = "Carlos R. Asensio";
				TargetAttributes = {
					DDC11710220A49FB003B1B01 = {
						CreatedOnToolsVersion = 10.1;
					};
				};
			};
			buildConfigurationList = DDC1170C220A49FB003B1B01 /* Build configuration list for PBXProject "appFilm" */;
			compatibilityVersion = "Xcode 9.3";
			developmentRegion = en;
			hasScannedForEncodings = 0;
			knownRegions = (
				en,
				Base,
			);
			mainGroup = DDC11708220A49FB003B1B01;
			productRefGroup = DDC11712220A49FB003B1B01 /* Products */;
			projectDirPath = "";
			projectRoot = "";
			targets = (
				DDC11710220A49FB003B1B01 /* appFilm */,
			);
		};
/* End PBXProject section */

/* Begin PBXResourcesBuildPhase section */
		DDC1170F220A49FB003B1B01 /* Resources */ = {
			isa = PBXResourcesBuildPhase;
			buildActionMask = 2147483647;
			files = (
				DD13B843220A838100F5F3A4 /* Logo.jpg in Resources */,
				DDC11722220A49FC003B1B01 /* LaunchScreen.storyboard in Resources */,
				DDC1171F220A49FC003B1B01 /* Assets.xcassets in Resources */,
				DDC1171A220A49FB003B1B01 /* Main.storyboard in Resources */,
				9912017E2326E09B001A6AB5 /* Authenticate.storyboard in Resources */,
				99E5410E233515F400BD0522 /* GoogleService-Info.plist in Resources */,
			);
			runOnlyForDeploymentPostprocessing = 0;
		};
/* End PBXResourcesBuildPhase section */

/* Begin PBXShellScriptBuildPhase section */
		238F29E46A7C1AEB0587871C /* [CP] Check Pods Manifest.lock */ = {
			isa = PBXShellScriptBuildPhase;
			buildActionMask = 2147483647;
			files = (
			);
			inputFileListPaths = (
			);
			inputPaths = (
				"${PODS_PODFILE_DIR_PATH}/Podfile.lock",
				"${PODS_ROOT}/Manifest.lock",
			);
			name = "[CP] Check Pods Manifest.lock";
			outputFileListPaths = (
			);
			outputPaths = (
				"$(DERIVED_FILE_DIR)/Pods-appFilm-checkManifestLockResult.txt",
			);
			runOnlyForDeploymentPostprocessing = 0;
			shellPath = /bin/sh;
			shellScript = "diff \"${PODS_PODFILE_DIR_PATH}/Podfile.lock\" \"${PODS_ROOT}/Manifest.lock\" > /dev/null\nif [ $? != 0 ] ; then\n    # print error to STDERR\n    echo \"error: The sandbox is not in sync with the Podfile.lock. Run 'pod install' or update your CocoaPods installation.\" >&2\n    exit 1\nfi\n# This output is used by Xcode 'outputs' to avoid re-running this script phase.\necho \"SUCCESS\" > \"${SCRIPT_OUTPUT_FILE_0}\"\n";
			showEnvVarsInLog = 0;
		};
		870F1302EBA19161490744B5 /* [CP] Embed Pods Frameworks */ = {
			isa = PBXShellScriptBuildPhase;
			buildActionMask = 2147483647;
			files = (
			);
			inputFileListPaths = (
				"${PODS_ROOT}/Target Support Files/Pods-appFilm/Pods-appFilm-frameworks-${CONFIGURATION}-input-files.xcfilelist",
			);
			name = "[CP] Embed Pods Frameworks";
			outputFileListPaths = (
				"${PODS_ROOT}/Target Support Files/Pods-appFilm/Pods-appFilm-frameworks-${CONFIGURATION}-output-files.xcfilelist",
			);
			runOnlyForDeploymentPostprocessing = 0;
			shellPath = /bin/sh;
			shellScript = "\"${PODS_ROOT}/Target Support Files/Pods-appFilm/Pods-appFilm-frameworks.sh\"\n";
			showEnvVarsInLog = 0;
		};
		C328440978E007D24F475E2D /* [CP] Copy Pods Resources */ = {
			isa = PBXShellScriptBuildPhase;
			buildActionMask = 2147483647;
			files = (
			);
			inputFileListPaths = (
				"${PODS_ROOT}/Target Support Files/Pods-appFilm/Pods-appFilm-resources-${CONFIGURATION}-input-files.xcfilelist",
			);
			name = "[CP] Copy Pods Resources";
			outputFileListPaths = (
				"${PODS_ROOT}/Target Support Files/Pods-appFilm/Pods-appFilm-resources-${CONFIGURATION}-output-files.xcfilelist",
			);
			runOnlyForDeploymentPostprocessing = 0;
			shellPath = /bin/sh;
			shellScript = "\"${PODS_ROOT}/Target Support Files/Pods-appFilm/Pods-appFilm-resources.sh\"\n";
			showEnvVarsInLog = 0;
		};
/* End PBXShellScriptBuildPhase section */

/* Begin PBXSourcesBuildPhase section */
		DDC1170D220A49FB003B1B01 /* Sources */ = {
			isa = PBXSourcesBuildPhase;
			buildActionMask = 2147483647;
			files = (
				DDC1172A220A4AF4003B1B01 /* FilmBrowser.swift in Sources */,
				99E541042335035300BD0522 /* AuthenticationMenu.swift in Sources */,
				DDC1171D220A49FB003B1B01 /* appFilm.xcdatamodeld in Sources */,
				991201802326E0C9001A6AB5 /* LoginViewController.swift in Sources */,
				99E5410A233512A000BD0522 /* Functions.swift in Sources */,
				995FFD16232D4998005B1E72 /* FilmModel.swift in Sources */,
				DDC11717220A49FB003B1B01 /* ViewController.swift in Sources */,
				991201832326E0ED001A6AB5 /* SignUpViewController.swift in Sources */,
				DDC11715220A49FB003B1B01 /* AppDelegate.swift in Sources */,
				99E5410623350EE400BD0522 /* User.swift in Sources */,
				DD13B83F220A807600F5F3A4 /* Menu.swift in Sources */,
			);
			runOnlyForDeploymentPostprocessing = 0;
		};
/* End PBXSourcesBuildPhase section */

/* Begin PBXVariantGroup section */
		DDC11718220A49FB003B1B01 /* Main.storyboard */ = {
			isa = PBXVariantGroup;
			children = (
				DDC11719220A49FB003B1B01 /* Base */,
			);
			name = Main.storyboard;
			sourceTree = "<group>";
		};
		DDC11720220A49FC003B1B01 /* LaunchScreen.storyboard */ = {
			isa = PBXVariantGroup;
			children = (
				DDC11721220A49FC003B1B01 /* Base */,
			);
			name = LaunchScreen.storyboard;
			sourceTree = "<group>";
		};
/* End PBXVariantGroup section */

/* Begin XCBuildConfiguration section */
		DDC11724220A49FC003B1B01 /* Debug */ = {
			isa = XCBuildConfiguration;
			buildSettings = {
				ALWAYS_SEARCH_USER_PATHS = NO;
				CLANG_ANALYZER_NONNULL = YES;
				CLANG_ANALYZER_NUMBER_OBJECT_CONVERSION = YES_AGGRESSIVE;
				CLANG_CXX_LANGUAGE_STANDARD = "gnu++14";
				CLANG_CXX_LIBRARY = "libc++";
				CLANG_ENABLE_MODULES = YES;
				CLANG_ENABLE_OBJC_ARC = YES;
				CLANG_ENABLE_OBJC_WEAK = YES;
				CLANG_WARN_BLOCK_CAPTURE_AUTORELEASING = YES;
				CLANG_WARN_BOOL_CONVERSION = YES;
				CLANG_WARN_COMMA = YES;
				CLANG_WARN_CONSTANT_CONVERSION = YES;
				CLANG_WARN_DEPRECATED_OBJC_IMPLEMENTATIONS = YES;
				CLANG_WARN_DIRECT_OBJC_ISA_USAGE = YES_ERROR;
				CLANG_WARN_DOCUMENTATION_COMMENTS = YES;
				CLANG_WARN_EMPTY_BODY = YES;
				CLANG_WARN_ENUM_CONVERSION = YES;
				CLANG_WARN_INFINITE_RECURSION = YES;
				CLANG_WARN_INT_CONVERSION = YES;
				CLANG_WARN_NON_LITERAL_NULL_CONVERSION = YES;
				CLANG_WARN_OBJC_IMPLICIT_RETAIN_SELF = YES;
				CLANG_WARN_OBJC_LITERAL_CONVERSION = YES;
				CLANG_WARN_OBJC_ROOT_CLASS = YES_ERROR;
				CLANG_WARN_RANGE_LOOP_ANALYSIS = YES;
				CLANG_WARN_STRICT_PROTOTYPES = YES;
				CLANG_WARN_SUSPICIOUS_MOVE = YES;
				CLANG_WARN_UNGUARDED_AVAILABILITY = YES_AGGRESSIVE;
				CLANG_WARN_UNREACHABLE_CODE = YES;
				CLANG_WARN__DUPLICATE_METHOD_MATCH = YES;
				CODE_SIGN_IDENTITY = "iPhone Developer";
				COPY_PHASE_STRIP = NO;
				DEBUG_INFORMATION_FORMAT = dwarf;
				ENABLE_STRICT_OBJC_MSGSEND = YES;
				ENABLE_TESTABILITY = YES;
				GCC_C_LANGUAGE_STANDARD = gnu11;
				GCC_DYNAMIC_NO_PIC = NO;
				GCC_NO_COMMON_BLOCKS = YES;
				GCC_OPTIMIZATION_LEVEL = 0;
				GCC_PREPROCESSOR_DEFINITIONS = (
					"DEBUG=1",
					"$(inherited)",
				);
				GCC_WARN_64_TO_32_BIT_CONVERSION = YES;
				GCC_WARN_ABOUT_RETURN_TYPE = YES_ERROR;
				GCC_WARN_UNDECLARED_SELECTOR = YES;
				GCC_WARN_UNINITIALIZED_AUTOS = YES_AGGRESSIVE;
				GCC_WARN_UNUSED_FUNCTION = YES;
				GCC_WARN_UNUSED_VARIABLE = YES;
				IPHONEOS_DEPLOYMENT_TARGET = 12.1;
				MTL_ENABLE_DEBUG_INFO = INCLUDE_SOURCE;
				MTL_FAST_MATH = YES;
				ONLY_ACTIVE_ARCH = YES;
				SDKROOT = iphoneos;
				SWIFT_ACTIVE_COMPILATION_CONDITIONS = DEBUG;
				SWIFT_OPTIMIZATION_LEVEL = "-Onone";
			};
			name = Debug;
		};
		DDC11725220A49FC003B1B01 /* Release */ = {
			isa = XCBuildConfiguration;
			buildSettings = {
				ALWAYS_SEARCH_USER_PATHS = NO;
				CLANG_ANALYZER_NONNULL = YES;
				CLANG_ANALYZER_NUMBER_OBJECT_CONVERSION = YES_AGGRESSIVE;
				CLANG_CXX_LANGUAGE_STANDARD = "gnu++14";
				CLANG_CXX_LIBRARY = "libc++";
				CLANG_ENABLE_MODULES = YES;
				CLANG_ENABLE_OBJC_ARC = YES;
				CLANG_ENABLE_OBJC_WEAK = YES;
				CLANG_WARN_BLOCK_CAPTURE_AUTORELEASING = YES;
				CLANG_WARN_BOOL_CONVERSION = YES;
				CLANG_WARN_COMMA = YES;
				CLANG_WARN_CONSTANT_CONVERSION = YES;
				CLANG_WARN_DEPRECATED_OBJC_IMPLEMENTATIONS = YES;
				CLANG_WARN_DIRECT_OBJC_ISA_USAGE = YES_ERROR;
				CLANG_WARN_DOCUMENTATION_COMMENTS = YES;
				CLANG_WARN_EMPTY_BODY = YES;
				CLANG_WARN_ENUM_CONVERSION = YES;
				CLANG_WARN_INFINITE_RECURSION = YES;
				CLANG_WARN_INT_CONVERSION = YES;
				CLANG_WARN_NON_LITERAL_NULL_CONVERSION = YES;
				CLANG_WARN_OBJC_IMPLICIT_RETAIN_SELF = YES;
				CLANG_WARN_OBJC_LITERAL_CONVERSION = YES;
				CLANG_WARN_OBJC_ROOT_CLASS = YES_ERROR;
				CLANG_WARN_RANGE_LOOP_ANALYSIS = YES;
				CLANG_WARN_STRICT_PROTOTYPES = YES;
				CLANG_WARN_SUSPICIOUS_MOVE = YES;
				CLANG_WARN_UNGUARDED_AVAILABILITY = YES_AGGRESSIVE;
				CLANG_WARN_UNREACHABLE_CODE = YES;
				CLANG_WARN__DUPLICATE_METHOD_MATCH = YES;
				CODE_SIGN_IDENTITY = "iPhone Developer";
				COPY_PHASE_STRIP = NO;
				DEBUG_INFORMATION_FORMAT = "dwarf-with-dsym";
				ENABLE_NS_ASSERTIONS = NO;
				ENABLE_STRICT_OBJC_MSGSEND = YES;
				GCC_C_LANGUAGE_STANDARD = gnu11;
				GCC_NO_COMMON_BLOCKS = YES;
				GCC_WARN_64_TO_32_BIT_CONVERSION = YES;
				GCC_WARN_ABOUT_RETURN_TYPE = YES_ERROR;
				GCC_WARN_UNDECLARED_SELECTOR = YES;
				GCC_WARN_UNINITIALIZED_AUTOS = YES_AGGRESSIVE;
				GCC_WARN_UNUSED_FUNCTION = YES;
				GCC_WARN_UNUSED_VARIABLE = YES;
				IPHONEOS_DEPLOYMENT_TARGET = 12.1;
				MTL_ENABLE_DEBUG_INFO = NO;
				MTL_FAST_MATH = YES;
				SDKROOT = iphoneos;
				SWIFT_COMPILATION_MODE = wholemodule;
				SWIFT_OPTIMIZATION_LEVEL = "-O";
				VALIDATE_PRODUCT = YES;
			};
			name = Release;
		};
		DDC11727220A49FC003B1B01 /* Debug */ = {
			isa = XCBuildConfiguration;
			baseConfigurationReference = 430B648B10A94A8A6F133598 /* Pods-appFilm.debug.xcconfig */;
			buildSettings = {
				ASSETCATALOG_COMPILER_APPICON_NAME = AppIcon;
				CODE_SIGN_STYLE = Automatic;
				DEVELOPMENT_TEAM = 3XHYWUKLLP;
				INFOPLIST_FILE = appFilm/Info.plist;
				LD_RUNPATH_SEARCH_PATHS = (
					"$(inherited)",
					"@executable_path/Frameworks",
				);
				PRODUCT_BUNDLE_IDENTIFIER = com.carlosrasensio.appFilm;
				PRODUCT_NAME = "$(TARGET_NAME)";
				SWIFT_VERSION = 4.2;
				TARGETED_DEVICE_FAMILY = "1,2";
			};
			name = Debug;
		};
		DDC11728220A49FC003B1B01 /* Release */ = {
			isa = XCBuildConfiguration;
			baseConfigurationReference = 5D72BB4B2638CE62C276263D /* Pods-appFilm.release.xcconfig */;
			buildSettings = {
				ASSETCATALOG_COMPILER_APPICON_NAME = AppIcon;
				CODE_SIGN_STYLE = Automatic;
				DEVELOPMENT_TEAM = 3XHYWUKLLP;
				INFOPLIST_FILE = appFilm/Info.plist;
				LD_RUNPATH_SEARCH_PATHS = (
					"$(inherited)",
					"@executable_path/Frameworks",
				);
				PRODUCT_BUNDLE_IDENTIFIER = com.carlosrasensio.appFilm;
				PRODUCT_NAME = "$(TARGET_NAME)";
				SWIFT_VERSION = 4.2;
				TARGETED_DEVICE_FAMILY = "1,2";
			};
			name = Release;
		};
/* End XCBuildConfiguration section */

/* Begin XCConfigurationList section */
		DDC1170C220A49FB003B1B01 /* Build configuration list for PBXProject "appFilm" */ = {
			isa = XCConfigurationList;
			buildConfigurations = (
				DDC11724220A49FC003B1B01 /* Debug */,
				DDC11725220A49FC003B1B01 /* Release */,
			);
			defaultConfigurationIsVisible = 0;
			defaultConfigurationName = Release;
		};
		DDC11726220A49FC003B1B01 /* Build configuration list for PBXNativeTarget "appFilm" */ = {
			isa = XCConfigurationList;
			buildConfigurations = (
				DDC11727220A49FC003B1B01 /* Debug */,
				DDC11728220A49FC003B1B01 /* Release */,
			);
			defaultConfigurationIsVisible = 0;
			defaultConfigurationName = Release;
		};
/* End XCConfigurationList section */

/* Begin XCVersionGroup section */
		DDC1171B220A49FB003B1B01 /* appFilm.xcdatamodeld */ = {
			isa = XCVersionGroup;
			children = (
				DDC1171C220A49FB003B1B01 /* appFilm.xcdatamodel */,
			);
			currentVersion = DDC1171C220A49FB003B1B01 /* appFilm.xcdatamodel */;
			path = appFilm.xcdatamodeld;
			sourceTree = "<group>";
			versionGroupType = wrapper.xcdatamodel;
		};
/* End XCVersionGroup section */
	};
	rootObject = DDC11709220A49FB003B1B01 /* Project object */;
}
